{
  "version": 4,
  "terraform_version": "0.12.26",
  "serial": 49,
  "lineage": "04d9f7d9-9843-f65f-7ebb-57840194737f",
  "outputs": {},
  "resources": [
    {
      "mode": "data",
      "type": "template_cloudinit_config",
      "name": "cloudinit-example",
      "provider": "provider.template",
      "instances": [
        {
          "schema_version": 0,
          "attributes": {
            "base64_encode": false,
            "gzip": false,
            "id": "3556212149",
            "part": [
              {
                "content": "#cloud-config\n\nrepo_update: true\nrepo_upgrade: all\n\npackages:\n  - lvm2\n\noutput:\n  all: '| tee -a /var/log/cloud-init-output.log'\n",
                "content_type": "text/cloud-config",
                "filename": "init.cfg",
                "merge_type": ""
              },
              {
                "content": "#!/bin/bash\n\nset -ex \n\nvgchange -ay\n\nDEVICE_FS=`blkid -o value -s TYPE /dev/xvdh || echo \"\"`\nif [ \"`echo -n $DEVICE_FS`\" == \"\" ] ; then \n  # wait for the device to be attached\n  DEVICENAME=`echo \"/dev/xvdh\" | awk -F '/' '{print $3}'`\n  DEVICEEXISTS=''\n  while [[ -z $DEVICEEXISTS ]]; do\n    echo \"checking $DEVICENAME\"\n    DEVICEEXISTS=`lsblk |grep \"$DEVICENAME\" |wc -l`\n    if [[ $DEVICEEXISTS != \"1\" ]]; then\n      sleep 15\n    fi\n  done\n  pvcreate /dev/xvdh\n  vgcreate data /dev/xvdh\n  lvcreate --name volume1 -l 100%FREE data\n  mkfs.ext4 /dev/data/volume1\nfi\nmkdir -p /data\necho '/dev/data/volume1 /data ext4 defaults 0 0' \u003e\u003e /etc/fstab\nmount /data\n\n# install docker\ncurl https://get.docker.com | bash\n",
                "content_type": "text/x-shellscript",
                "filename": "",
                "merge_type": ""
              }
            ],
            "rendered": "Content-Type: multipart/mixed; boundary=\"MIMEBOUNDARY\"\nMIME-Version: 1.0\r\n\r\n--MIMEBOUNDARY\r\nContent-Disposition: attachment; filename=\"init.cfg\"\r\nContent-Transfer-Encoding: 7bit\r\nContent-Type: text/cloud-config\r\nMime-Version: 1.0\r\n\r\n#cloud-config\n\nrepo_update: true\nrepo_upgrade: all\n\npackages:\n  - lvm2\n\noutput:\n  all: '| tee -a /var/log/cloud-init-output.log'\n\r\n--MIMEBOUNDARY\r\nContent-Transfer-Encoding: 7bit\r\nContent-Type: text/x-shellscript\r\nMime-Version: 1.0\r\n\r\n#!/bin/bash\n\nset -ex \n\nvgchange -ay\n\nDEVICE_FS=`blkid -o value -s TYPE /dev/xvdh || echo \"\"`\nif [ \"`echo -n $DEVICE_FS`\" == \"\" ] ; then \n  # wait for the device to be attached\n  DEVICENAME=`echo \"/dev/xvdh\" | awk -F '/' '{print $3}'`\n  DEVICEEXISTS=''\n  while [[ -z $DEVICEEXISTS ]]; do\n    echo \"checking $DEVICENAME\"\n    DEVICEEXISTS=`lsblk |grep \"$DEVICENAME\" |wc -l`\n    if [[ $DEVICEEXISTS != \"1\" ]]; then\n      sleep 15\n    fi\n  done\n  pvcreate /dev/xvdh\n  vgcreate data /dev/xvdh\n  lvcreate --name volume1 -l 100%FREE data\n  mkfs.ext4 /dev/data/volume1\nfi\nmkdir -p /data\necho '/dev/data/volume1 /data ext4 defaults 0 0' \u003e\u003e /etc/fstab\nmount /data\n\n# install docker\ncurl https://get.docker.com | bash\n\r\n--MIMEBOUNDARY--\r\n"
          }
        }
      ]
    },
    {
      "mode": "data",
      "type": "template_file",
      "name": "init-script",
      "provider": "provider.template",
      "instances": [
        {
          "schema_version": 0,
          "attributes": {
            "filename": null,
            "id": "40dc5d2c3e5e7f3ef706b219b77b637de1749c1928220b8adcc737098de652a7",
            "rendered": "#cloud-config\n\nrepo_update: true\nrepo_upgrade: all\n\npackages:\n  - lvm2\n\noutput:\n  all: '| tee -a /var/log/cloud-init-output.log'\n",
            "template": "#cloud-config\n\nrepo_update: true\nrepo_upgrade: all\n\npackages:\n  - lvm2\n\noutput:\n  all: '| tee -a /var/log/cloud-init-output.log'\n",
            "vars": {
              "REGION": "ap-south-1"
            }
          }
        }
      ]
    },
    {
      "mode": "data",
      "type": "template_file",
      "name": "shell-script",
      "provider": "provider.template",
      "instances": [
        {
          "schema_version": 0,
          "attributes": {
            "filename": null,
            "id": "7b38fd8635023b46d181fcbdf74e0fae7bd716e45c2a656a788b0e7eb637d864",
            "rendered": "#!/bin/bash\n\nset -ex \n\nvgchange -ay\n\nDEVICE_FS=`blkid -o value -s TYPE /dev/xvdh || echo \"\"`\nif [ \"`echo -n $DEVICE_FS`\" == \"\" ] ; then \n  # wait for the device to be attached\n  DEVICENAME=`echo \"/dev/xvdh\" | awk -F '/' '{print $3}'`\n  DEVICEEXISTS=''\n  while [[ -z $DEVICEEXISTS ]]; do\n    echo \"checking $DEVICENAME\"\n    DEVICEEXISTS=`lsblk |grep \"$DEVICENAME\" |wc -l`\n    if [[ $DEVICEEXISTS != \"1\" ]]; then\n      sleep 15\n    fi\n  done\n  pvcreate /dev/xvdh\n  vgcreate data /dev/xvdh\n  lvcreate --name volume1 -l 100%FREE data\n  mkfs.ext4 /dev/data/volume1\nfi\nmkdir -p /data\necho '/dev/data/volume1 /data ext4 defaults 0 0' \u003e\u003e /etc/fstab\nmount /data\n\n# install docker\ncurl https://get.docker.com | bash\n",
            "template": "#!/bin/bash\n\nset -ex \n\nvgchange -ay\n\nDEVICE_FS=`blkid -o value -s TYPE ${DEVICE} || echo \"\"`\nif [ \"`echo -n $DEVICE_FS`\" == \"\" ] ; then \n  # wait for the device to be attached\n  DEVICENAME=`echo \"${DEVICE}\" | awk -F '/' '{print $3}'`\n  DEVICEEXISTS=''\n  while [[ -z $DEVICEEXISTS ]]; do\n    echo \"checking $DEVICENAME\"\n    DEVICEEXISTS=`lsblk |grep \"$DEVICENAME\" |wc -l`\n    if [[ $DEVICEEXISTS != \"1\" ]]; then\n      sleep 15\n    fi\n  done\n  pvcreate ${DEVICE}\n  vgcreate data ${DEVICE}\n  lvcreate --name volume1 -l 100%FREE data\n  mkfs.ext4 /dev/data/volume1\nfi\nmkdir -p /data\necho '/dev/data/volume1 /data ext4 defaults 0 0' \u003e\u003e /etc/fstab\nmount /data\n\n# install docker\ncurl https://get.docker.com | bash\n",
            "vars": {
              "DEVICE": "/dev/xvdh"
            }
          }
        }
      ]
    },
    {
      "mode": "managed",
      "type": "aws_ebs_volume",
      "name": "ebs-volume-1",
      "provider": "provider.aws",
      "instances": [
        {
          "schema_version": 0,
          "attributes": {
            "arn": "arn:aws:ec2:ap-south-1:960920920983:volume/vol-0574da58ffab5d6ca",
            "availability_zone": "ap-south-1a",
            "encrypted": false,
            "id": "vol-0574da58ffab5d6ca",
            "iops": 100,
            "kms_key_id": "",
            "multi_attach_enabled": false,
            "outpost_arn": "",
            "size": 20,
            "snapshot_id": "",
            "tags": {
              "Name": "extra volume data"
            },
            "type": "gp2"
          },
          "private": "bnVsbA=="
        }
      ]
    },
    {
      "mode": "managed",
      "type": "aws_instance",
      "name": "example",
      "provider": "provider.aws",
      "instances": [
        {
          "schema_version": 1,
          "attributes": {
            "ami": "ami-54d2a63b",
            "arn": "arn:aws:ec2:ap-south-1:960920920983:instance/i-0be655ffa9ee2eff6",
            "associate_public_ip_address": true,
            "availability_zone": "ap-south-1a",
            "cpu_core_count": 1,
            "cpu_threads_per_core": 1,
            "credit_specification": [
              {
                "cpu_credits": "standard"
              }
            ],
            "disable_api_termination": false,
            "ebs_block_device": [],
            "ebs_optimized": false,
            "ephemeral_block_device": [],
            "get_password_data": false,
            "hibernation": false,
            "host_id": null,
            "iam_instance_profile": "",
            "id": "i-0be655ffa9ee2eff6",
            "instance_initiated_shutdown_behavior": null,
            "instance_state": "running",
            "instance_type": "t2.micro",
            "ipv6_address_count": 0,
            "ipv6_addresses": [],
            "key_name": "mykeypair",
            "metadata_options": [
              {
                "http_endpoint": "enabled",
                "http_put_response_hop_limit": 1,
                "http_tokens": "optional"
              }
            ],
            "monitoring": false,
            "network_interface": [],
            "network_interface_id": null,
            "outpost_arn": "",
            "password_data": "",
            "placement_group": "",
            "primary_network_interface_id": "eni-07b84271d3bcdd730",
            "private_dns": "ip-10-0-1-252.ap-south-1.compute.internal",
            "private_ip": "10.0.1.252",
            "public_dns": "ec2-13-234-217-2.ap-south-1.compute.amazonaws.com",
            "public_ip": "13.234.217.2",
            "root_block_device": [
              {
                "delete_on_termination": true,
                "device_name": "/dev/sda1",
                "encrypted": false,
                "iops": 200,
                "kms_key_id": "",
                "volume_id": "vol-03c4601483f6c29b7",
                "volume_size": 8,
                "volume_type": "io1"
              }
            ],
            "security_groups": [],
            "source_dest_check": true,
            "subnet_id": "subnet-0feae813b6dda5535",
            "tags": null,
            "tenancy": "default",
            "timeouts": null,
            "user_data": "10b2bac2e22759d128c78b16ef5f7c5505113fc8",
            "user_data_base64": null,
            "volume_tags": {},
            "vpc_security_group_ids": [
              "sg-07c3bc8461952302f"
            ]
          },
          "private": "eyJlMmJmYjczMC1lY2FhLTExZTYtOGY4OC0zNDM2M2JjN2M0YzAiOnsiY3JlYXRlIjo2MDAwMDAwMDAwMDAsImRlbGV0ZSI6MTIwMDAwMDAwMDAwMCwidXBkYXRlIjo2MDAwMDAwMDAwMDB9LCJzY2hlbWFfdmVyc2lvbiI6IjEifQ==",
          "dependencies": [
            "aws_key_pair.mykeypair",
            "aws_security_group.allow-ssh",
            "aws_subnet.main-public-1",
            "aws_vpc.main"
          ]
        }
      ]
    },
    {
      "mode": "managed",
      "type": "aws_internet_gateway",
      "name": "main-gw",
      "provider": "provider.aws",
      "instances": [
        {
          "schema_version": 0,
          "attributes": {
            "id": "igw-03af12c2e8e5837cb",
            "owner_id": "960920920983",
            "tags": {
              "Name": "main"
            },
            "vpc_id": "vpc-0e1bf7eb98e95256d"
          },
          "private": "bnVsbA==",
          "dependencies": [
            "aws_vpc.main"
          ]
        }
      ]
    },
    {
      "mode": "managed",
      "type": "aws_key_pair",
      "name": "mykeypair",
      "provider": "provider.aws",
      "instances": [
        {
          "schema_version": 1,
          "attributes": {
            "fingerprint": "36:81:6c:e8:b8:a4:cc:e2:00:e0:41:69:89:c1:ee:ab",
            "id": "mykeypair",
            "key_name": "mykeypair",
            "key_name_prefix": null,
            "key_pair_id": "key-06667c9af9f24a8a1",
            "public_key": "ssh-rsa AAAAB3NzaC1yc2EAAAADAQABAAABAQDOu11gx5M5DKp4EBEKswxlRtoI8zM2qTdzJH9ZFdKcAVbzwxCAhdWa5WBuKMn1NuvWDw0TEM+fgtOmtK29DfsffMe04bwo1/a9cKaqKb/9E8c7nW5D7H2TJYbZxN32L519/Robzhfuz2wvL32JQakSAc/70xy8UhRwDu3piYwwgNCd0OhUqawzsbtWMwn7bMitP2a8O2tAqZwJ6NI3tq60tfq2BaIFy26fxemIKX8nZ2VYy+xXcue6SfF+uAga3CCbhuQhoWmaGxTacW0CGLpFhkpeM13jbycz+zcP1jha/Mo09vJoMvZaUwJNpygZFbgMu1hJ5HMvuZ5hoKBo0J4T sagarnil@bluedream",
            "tags": null
          },
          "private": "eyJzY2hlbWFfdmVyc2lvbiI6IjEifQ=="
        }
      ]
    },
    {
      "mode": "managed",
      "type": "aws_route_table",
      "name": "main-public",
      "provider": "provider.aws",
      "instances": [
        {
          "schema_version": 0,
          "attributes": {
            "id": "rtb-0e1e77d1236904e12",
            "owner_id": "960920920983",
            "propagating_vgws": [],
            "route": [
              {
                "cidr_block": "0.0.0.0/0",
                "egress_only_gateway_id": "",
                "gateway_id": "igw-03af12c2e8e5837cb",
                "instance_id": "",
                "ipv6_cidr_block": "",
                "nat_gateway_id": "",
                "network_interface_id": "",
                "transit_gateway_id": "",
                "vpc_peering_connection_id": ""
              }
            ],
            "tags": {
              "Name": "main-public-1"
            },
            "vpc_id": "vpc-0e1bf7eb98e95256d"
          },
          "private": "bnVsbA==",
          "dependencies": [
            "aws_internet_gateway.main-gw",
            "aws_vpc.main"
          ]
        }
      ]
    },
    {
      "mode": "managed",
      "type": "aws_route_table_association",
      "name": "main-public-1-a",
      "provider": "provider.aws",
      "instances": [
        {
          "schema_version": 0,
          "attributes": {
            "gateway_id": null,
            "id": "rtbassoc-0642768eef10d3b1b",
            "route_table_id": "rtb-0e1e77d1236904e12",
            "subnet_id": "subnet-0feae813b6dda5535"
          },
          "private": "bnVsbA==",
          "dependencies": [
            "aws_internet_gateway.main-gw",
            "aws_route_table.main-public",
            "aws_subnet.main-public-1",
            "aws_vpc.main"
          ]
        }
      ]
    },
    {
      "mode": "managed",
      "type": "aws_route_table_association",
      "name": "main-public-2-a",
      "provider": "provider.aws",
      "instances": [
        {
          "schema_version": 0,
          "attributes": {
            "gateway_id": null,
            "id": "rtbassoc-0ab11bff8f6c26e74",
            "route_table_id": "rtb-0e1e77d1236904e12",
            "subnet_id": "subnet-08deee9ee37b7ded2"
          },
          "private": "bnVsbA==",
          "dependencies": [
            "aws_internet_gateway.main-gw",
            "aws_route_table.main-public",
            "aws_subnet.main-public-2",
            "aws_vpc.main"
          ]
        }
      ]
    },
    {
      "mode": "managed",
      "type": "aws_security_group",
      "name": "allow-ssh",
      "provider": "provider.aws",
      "instances": [
        {
          "schema_version": 1,
          "attributes": {
            "arn": "arn:aws:ec2:ap-south-1:960920920983:security-group/sg-07c3bc8461952302f",
            "description": "security group that allows ssh and all egress traffic",
            "egress": [
              {
                "cidr_blocks": [
                  "0.0.0.0/0"
                ],
                "description": "",
                "from_port": 0,
                "ipv6_cidr_blocks": [],
                "prefix_list_ids": [],
                "protocol": "-1",
                "security_groups": [],
                "self": false,
                "to_port": 0
              }
            ],
            "id": "sg-07c3bc8461952302f",
            "ingress": [
              {
                "cidr_blocks": [
                  "0.0.0.0/0"
                ],
                "description": "",
                "from_port": 22,
                "ipv6_cidr_blocks": [],
                "prefix_list_ids": [],
                "protocol": "tcp",
                "security_groups": [],
                "self": false,
                "to_port": 22
              }
            ],
            "name": "allow-ssh",
            "name_prefix": null,
            "owner_id": "960920920983",
            "revoke_rules_on_delete": false,
            "tags": {
              "Name": "allow-ssh"
            },
            "timeouts": null,
            "vpc_id": "vpc-0e1bf7eb98e95256d"
          },
          "private": "eyJlMmJmYjczMC1lY2FhLTExZTYtOGY4OC0zNDM2M2JjN2M0YzAiOnsiY3JlYXRlIjo2MDAwMDAwMDAwMDAsImRlbGV0ZSI6NjAwMDAwMDAwMDAwfSwic2NoZW1hX3ZlcnNpb24iOiIxIn0=",
          "dependencies": [
            "aws_vpc.main"
          ]
        }
      ]
    },
    {
      "mode": "managed",
      "type": "aws_subnet",
      "name": "main-private-1",
      "provider": "provider.aws",
      "instances": [
        {
          "schema_version": 1,
          "attributes": {
            "arn": "arn:aws:ec2:ap-south-1:960920920983:subnet/subnet-00ba18a3eb5dd9a94",
            "assign_ipv6_address_on_creation": false,
            "availability_zone": "ap-south-1a",
            "availability_zone_id": "aps1-az1",
            "cidr_block": "10.0.4.0/24",
            "id": "subnet-00ba18a3eb5dd9a94",
            "ipv6_cidr_block": "",
            "ipv6_cidr_block_association_id": "",
            "map_public_ip_on_launch": false,
            "outpost_arn": "",
            "owner_id": "960920920983",
            "tags": {
              "Name": "main-private-1"
            },
            "timeouts": null,
            "vpc_id": "vpc-0e1bf7eb98e95256d"
          },
          "private": "eyJlMmJmYjczMC1lY2FhLTExZTYtOGY4OC0zNDM2M2JjN2M0YzAiOnsiY3JlYXRlIjo2MDAwMDAwMDAwMDAsImRlbGV0ZSI6MTIwMDAwMDAwMDAwMH0sInNjaGVtYV92ZXJzaW9uIjoiMSJ9",
          "dependencies": [
            "aws_vpc.main"
          ]
        }
      ]
    },
    {
      "mode": "managed",
      "type": "aws_subnet",
      "name": "main-private-2",
      "provider": "provider.aws",
      "instances": [
        {
          "schema_version": 1,
          "attributes": {
            "arn": "arn:aws:ec2:ap-south-1:960920920983:subnet/subnet-0d9e75d6673cab5be",
            "assign_ipv6_address_on_creation": false,
            "availability_zone": "ap-south-1b",
            "availability_zone_id": "aps1-az3",
            "cidr_block": "10.0.5.0/24",
            "id": "subnet-0d9e75d6673cab5be",
            "ipv6_cidr_block": "",
            "ipv6_cidr_block_association_id": "",
            "map_public_ip_on_launch": false,
            "outpost_arn": "",
            "owner_id": "960920920983",
            "tags": {
              "Name": "main-private-2"
            },
            "timeouts": null,
            "vpc_id": "vpc-0e1bf7eb98e95256d"
          },
          "private": "eyJlMmJmYjczMC1lY2FhLTExZTYtOGY4OC0zNDM2M2JjN2M0YzAiOnsiY3JlYXRlIjo2MDAwMDAwMDAwMDAsImRlbGV0ZSI6MTIwMDAwMDAwMDAwMH0sInNjaGVtYV92ZXJzaW9uIjoiMSJ9",
          "dependencies": [
            "aws_vpc.main"
          ]
        }
      ]
    },
    {
      "mode": "managed",
      "type": "aws_subnet",
      "name": "main-public-1",
      "provider": "provider.aws",
      "instances": [
        {
          "schema_version": 1,
          "attributes": {
            "arn": "arn:aws:ec2:ap-south-1:960920920983:subnet/subnet-0feae813b6dda5535",
            "assign_ipv6_address_on_creation": false,
            "availability_zone": "ap-south-1a",
            "availability_zone_id": "aps1-az1",
            "cidr_block": "10.0.1.0/24",
            "id": "subnet-0feae813b6dda5535",
            "ipv6_cidr_block": "",
            "ipv6_cidr_block_association_id": "",
            "map_public_ip_on_launch": true,
            "outpost_arn": "",
            "owner_id": "960920920983",
            "tags": {
              "Name": "main-public-1"
            },
            "timeouts": null,
            "vpc_id": "vpc-0e1bf7eb98e95256d"
          },
          "private": "eyJlMmJmYjczMC1lY2FhLTExZTYtOGY4OC0zNDM2M2JjN2M0YzAiOnsiY3JlYXRlIjo2MDAwMDAwMDAwMDAsImRlbGV0ZSI6MTIwMDAwMDAwMDAwMH0sInNjaGVtYV92ZXJzaW9uIjoiMSJ9",
          "dependencies": [
            "aws_vpc.main"
          ]
        }
      ]
    },
    {
      "mode": "managed",
      "type": "aws_subnet",
      "name": "main-public-2",
      "provider": "provider.aws",
      "instances": [
        {
          "schema_version": 1,
          "attributes": {
            "arn": "arn:aws:ec2:ap-south-1:960920920983:subnet/subnet-08deee9ee37b7ded2",
            "assign_ipv6_address_on_creation": false,
            "availability_zone": "ap-south-1b",
            "availability_zone_id": "aps1-az3",
            "cidr_block": "10.0.2.0/24",
            "id": "subnet-08deee9ee37b7ded2",
            "ipv6_cidr_block": "",
            "ipv6_cidr_block_association_id": "",
            "map_public_ip_on_launch": true,
            "outpost_arn": "",
            "owner_id": "960920920983",
            "tags": {
              "Name": "main-public-2"
            },
            "timeouts": null,
            "vpc_id": "vpc-0e1bf7eb98e95256d"
          },
          "private": "eyJlMmJmYjczMC1lY2FhLTExZTYtOGY4OC0zNDM2M2JjN2M0YzAiOnsiY3JlYXRlIjo2MDAwMDAwMDAwMDAsImRlbGV0ZSI6MTIwMDAwMDAwMDAwMH0sInNjaGVtYV92ZXJzaW9uIjoiMSJ9",
          "dependencies": [
            "aws_vpc.main"
          ]
        }
      ]
    },
    {
      "mode": "managed",
      "type": "aws_volume_attachment",
      "name": "ebs-volume-1-attachment",
      "provider": "provider.aws",
      "instances": [
        {
          "schema_version": 0,
          "attributes": {
            "device_name": "/dev/xvdh",
            "force_detach": null,
            "id": "vai-3227633784",
            "instance_id": "i-0be655ffa9ee2eff6",
            "skip_destroy": true,
            "volume_id": "vol-0574da58ffab5d6ca"
          },
          "private": "bnVsbA==",
          "dependencies": [
            "aws_ebs_volume.ebs-volume-1",
            "aws_instance.example",
            "aws_key_pair.mykeypair",
            "aws_security_group.allow-ssh",
            "aws_subnet.main-public-1",
            "aws_vpc.main"
          ]
        }
      ]
    },
    {
      "mode": "managed",
      "type": "aws_vpc",
      "name": "main",
      "provider": "provider.aws",
      "instances": [
        {
          "schema_version": 1,
          "attributes": {
            "arn": "arn:aws:ec2:ap-south-1:960920920983:vpc/vpc-0e1bf7eb98e95256d",
            "assign_generated_ipv6_cidr_block": false,
            "cidr_block": "10.0.0.0/16",
            "default_network_acl_id": "acl-01bf96e028e570059",
            "default_route_table_id": "rtb-0f7c1cf1af2669f85",
            "default_security_group_id": "sg-0ac0360891f907243",
            "dhcp_options_id": "dopt-f20e8b9a",
            "enable_classiclink": false,
            "enable_classiclink_dns_support": null,
            "enable_dns_hostnames": true,
            "enable_dns_support": true,
            "id": "vpc-0e1bf7eb98e95256d",
            "instance_tenancy": "default",
            "ipv6_association_id": "",
            "ipv6_cidr_block": "",
            "main_route_table_id": "rtb-0f7c1cf1af2669f85",
            "owner_id": "960920920983",
            "tags": {
              "Name": "main"
            }
          },
          "private": "eyJzY2hlbWFfdmVyc2lvbiI6IjEifQ=="
        }
      ]
    }
  ]
}
