{
  "version": 4,
  "terraform_version": "0.12.26",
  "serial": 5,
  "lineage": "c252d3e2-9ab7-df55-c525-821da94da1ee",
  "outputs": {
    "ns-servers": {
      "value": [
        "ns-1402.awsdns-47.org",
        "ns-1603.awsdns-08.co.uk",
        "ns-226.awsdns-28.com",
        "ns-530.awsdns-02.net"
      ],
      "type": [
        "list",
        "string"
      ]
    }
  },
  "resources": [
    {
      "mode": "managed",
      "type": "aws_route53_record",
      "name": "mail1-record",
      "provider": "provider.aws",
      "instances": [
        {
          "schema_version": 2,
          "attributes": {
            "alias": [],
            "allow_overwrite": null,
            "failover_routing_policy": [],
            "fqdn": "newtech.academy",
            "geolocation_routing_policy": [],
            "health_check_id": null,
            "id": "Z00268252DU8IM66INBW7_newtech.academy_MX",
            "latency_routing_policy": [],
            "multivalue_answer_routing_policy": null,
            "name": "newtech.academy",
            "records": [
              "1 aspmx.l.google.com.",
              "10 aspmx2.googlemail.com.",
              "10 aspmx3.googlemail.com.",
              "5 alt1.aspmx.l.google.com.",
              "5 alt2.aspmx.l.google.com."
            ],
            "set_identifier": null,
            "ttl": 300,
            "type": "MX",
            "weighted_routing_policy": [],
            "zone_id": "Z00268252DU8IM66INBW7"
          },
          "private": "eyJzY2hlbWFfdmVyc2lvbiI6IjIifQ==",
          "dependencies": [
            "aws_route53_zone.newtech-academy"
          ]
        }
      ]
    },
    {
      "mode": "managed",
      "type": "aws_route53_record",
      "name": "server1-record",
      "provider": "provider.aws",
      "instances": [
        {
          "schema_version": 2,
          "attributes": {
            "alias": [],
            "allow_overwrite": null,
            "failover_routing_policy": [],
            "fqdn": "server1.newtech.academy",
            "geolocation_routing_policy": [],
            "health_check_id": null,
            "id": "Z00268252DU8IM66INBW7_server1.newtech.academy_A",
            "latency_routing_policy": [],
            "multivalue_answer_routing_policy": null,
            "name": "server1.newtech.academy",
            "records": [
              "104.236.247.8"
            ],
            "set_identifier": null,
            "ttl": 300,
            "type": "A",
            "weighted_routing_policy": [],
            "zone_id": "Z00268252DU8IM66INBW7"
          },
          "private": "eyJzY2hlbWFfdmVyc2lvbiI6IjIifQ==",
          "dependencies": [
            "aws_route53_zone.newtech-academy"
          ]
        }
      ]
    },
    {
      "mode": "managed",
      "type": "aws_route53_record",
      "name": "www-record",
      "provider": "provider.aws",
      "instances": [
        {
          "schema_version": 2,
          "attributes": {
            "alias": [],
            "allow_overwrite": null,
            "failover_routing_policy": [],
            "fqdn": "www.newtech.academy",
            "geolocation_routing_policy": [],
            "health_check_id": null,
            "id": "Z00268252DU8IM66INBW7_www.newtech.academy_A",
            "latency_routing_policy": [],
            "multivalue_answer_routing_policy": null,
            "name": "www.newtech.academy",
            "records": [
              "104.236.247.8"
            ],
            "set_identifier": null,
            "ttl": 300,
            "type": "A",
            "weighted_routing_policy": [],
            "zone_id": "Z00268252DU8IM66INBW7"
          },
          "private": "eyJzY2hlbWFfdmVyc2lvbiI6IjIifQ==",
          "dependencies": [
            "aws_route53_zone.newtech-academy"
          ]
        }
      ]
    },
    {
      "mode": "managed",
      "type": "aws_route53_zone",
      "name": "newtech-academy",
      "provider": "provider.aws",
      "instances": [
        {
          "schema_version": 0,
          "attributes": {
            "comment": "Managed by Terraform",
            "delegation_set_id": "",
            "force_destroy": false,
            "id": "Z00268252DU8IM66INBW7",
            "name": "newtech.academy.",
            "name_servers": [
              "ns-1402.awsdns-47.org",
              "ns-1603.awsdns-08.co.uk",
              "ns-226.awsdns-28.com",
              "ns-530.awsdns-02.net"
            ],
            "tags": null,
            "vpc": [],
            "vpc_id": null,
            "vpc_region": null,
            "zone_id": "Z00268252DU8IM66INBW7"
          },
          "private": "bnVsbA=="
        }
      ]
    }
  ]
}
