{
  "version": 4,
  "terraform_version": "0.12.26",
  "serial": 5,
  "lineage": "9178c652-37fa-b27d-fc30-79c11d89d320",
  "outputs": {
    "myapp-repository-URL": {
      "value": "960920920983.dkr.ecr.ap-south-1.amazonaws.com/myapp",
      "type": "string"
    }
  },
  "resources": [
    {
      "mode": "managed",
      "type": "aws_ecr_repository",
      "name": "myapp",
      "provider": "provider.aws",
      "instances": [
        {
          "schema_version": 0,
          "attributes": {
            "arn": "arn:aws:ecr:ap-south-1:960920920983:repository/myapp",
            "id": "myapp",
            "image_scanning_configuration": [
              {
                "scan_on_push": false
              }
            ],
            "image_tag_mutability": "MUTABLE",
            "name": "myapp",
            "registry_id": "960920920983",
            "repository_url": "960920920983.dkr.ecr.ap-south-1.amazonaws.com/myapp",
            "tags": null,
            "timeouts": null
          },
          "private": "eyJlMmJmYjczMC1lY2FhLTExZTYtOGY4OC0zNDM2M2JjN2M0YzAiOnsiZGVsZXRlIjoxMjAwMDAwMDAwMDAwfX0="
        }
      ]
    }
  ]
}
