{
  "version": 4,
  "terraform_version": "0.12.26",
  "serial": 7,
  "lineage": "eff5eaa5-ee7d-aa19-5d97-99067c62da98",
  "outputs": {},
  "resources": [
    {
      "mode": "managed",
      "type": "aws_instance",
      "name": "example",
      "provider": "provider.aws",
      "instances": [
        {
          "schema_version": 1,
          "attributes": {
            "ami": "ami-54d2a63b",
            "arn": "arn:aws:ec2:ap-south-1:960920920983:instance/i-0f3e2fb787d504bd4",
            "associate_public_ip_address": true,
            "availability_zone": "ap-south-1b",
            "cpu_core_count": 1,
            "cpu_threads_per_core": 1,
            "credit_specification": [
              {
                "cpu_credits": "standard"
              }
            ],
            "disable_api_termination": false,
            "ebs_block_device": [],
            "ebs_optimized": false,
            "ephemeral_block_device": [],
            "get_password_data": false,
            "hibernation": false,
            "host_id": null,
            "iam_instance_profile": "",
            "id": "i-0f3e2fb787d504bd4",
            "instance_initiated_shutdown_behavior": null,
            "instance_state": "running",
            "instance_type": "t2.micro",
            "ipv6_address_count": 0,
            "ipv6_addresses": [],
            "key_name": "mykey",
            "metadata_options": [
              {
                "http_endpoint": "enabled",
                "http_put_response_hop_limit": 1,
                "http_tokens": "optional"
              }
            ],
            "monitoring": false,
            "network_interface": [],
            "network_interface_id": null,
            "outpost_arn": "",
            "password_data": "",
            "placement_group": "",
            "primary_network_interface_id": "eni-07473cbcff346d4cf",
            "private_dns": "ip-172-31-10-234.ap-south-1.compute.internal",
            "private_ip": "172.31.10.234",
            "public_dns": "ec2-13-232-250-47.ap-south-1.compute.amazonaws.com",
            "public_ip": "13.232.250.47",
            "root_block_device": [
              {
                "delete_on_termination": true,
                "device_name": "/dev/sda1",
                "encrypted": false,
                "iops": 200,
                "kms_key_id": "",
                "volume_id": "vol-08cea0f597f4b8c9c",
                "volume_size": 8,
                "volume_type": "io1"
              }
            ],
            "security_groups": [
              "default"
            ],
            "source_dest_check": true,
            "subnet_id": "subnet-0276694f",
            "tags": null,
            "tenancy": "default",
            "timeouts": null,
            "user_data": null,
            "user_data_base64": null,
            "volume_tags": {},
            "vpc_security_group_ids": [
              "sg-ea8d4881"
            ]
          },
          "private": "eyJlMmJmYjczMC1lY2FhLTExZTYtOGY4OC0zNDM2M2JjN2M0YzAiOnsiY3JlYXRlIjo2MDAwMDAwMDAwMDAsImRlbGV0ZSI6MTIwMDAwMDAwMDAwMCwidXBkYXRlIjo2MDAwMDAwMDAwMDB9LCJzY2hlbWFfdmVyc2lvbiI6IjEifQ==",
          "dependencies": [
            "aws_key_pair.mykey"
          ]
        }
      ]
    },
    {
      "mode": "managed",
      "type": "aws_key_pair",
      "name": "mykey",
      "provider": "provider.aws",
      "instances": [
        {
          "schema_version": 1,
          "attributes": {
            "fingerprint": "b4:76:dd:59:c3:b7:8b:a8:41:9b:9b:5e:92:99:cd:0d",
            "id": "mykey",
            "key_name": "mykey",
            "key_name_prefix": null,
            "key_pair_id": "key-0303cf52284c08716",
            "public_key": "ssh-rsa AAAAB3NzaC1yc2EAAAADAQABAAABAQC4Vsa1SVvlR4Lp1gkmd3AspaGl5VkNFR9FqoBaStkHkvqRYABeDBZAyKKhyu9fzljoGv/gGKTVmoHCwuyMRyI2/oOk4Pngap4TIARDPROY6+Y2QPN3KeHP+cBzRMOJ/ed8VtYT5rbDI2HOhvdpPwQ+/CpyXJLAQW82S+xru1AkP/DSwfwxu7hATvjcNkgD53xonnXiWSBXhNf0duwT07WSuPEARxULRtuzeBRfo8s+uxS4A3pOdpHH1ci/BPNF8ObT9DvR7GGdOBswHolVLj//gKEmlsZy1gqmDGdiEknBb62S0vX8PgMb3/JnLMP+Gu/zpmjfoTaatJbU60Y9L2sh sagarnil@bluedream",
            "tags": {}
          },
          "private": "eyJzY2hlbWFfdmVyc2lvbiI6IjEifQ=="
        }
      ]
    }
  ]
}
