{
  "version": 4,
  "terraform_version": "0.12.26",
  "serial": 6,
  "lineage": "6ae2b352-2af0-6cf1-c9ce-7044d8dd90d7",
  "outputs": {},
  "resources": [
    {
      "mode": "data",
      "type": "aws_ip_ranges",
      "name": "asian_ec2",
      "provider": "provider.aws",
      "instances": [
        {
          "schema_version": 0,
          "attributes": {
            "cidr_blocks": [
              "13.126.0.0/15",
              "13.232.0.0/14",
              "15.177.73.0/24",
              "15.177.85.0/24",
              "15.177.86.0/24",
              "15.193.0.0/24",
              "15.206.0.0/15",
              "18.162.0.0/16",
              "18.163.0.0/16",
              "18.166.0.0/15",
              "3.5.208.0/22",
              "3.5.212.0/23",
              "3.6.0.0/15",
              "35.154.0.0/16",
              "52.66.0.0/16",
              "52.94.248.144/28",
              "52.94.249.144/28",
              "52.95.226.0/24",
              "52.95.249.0/24",
              "54.240.17.0/24",
              "64.252.100.0/24",
              "64.252.101.0/24",
              "64.252.98.0/24",
              "64.252.99.0/24",
              "65.0.0.0/14",
              "99.77.142.0/24",
              "99.77.145.0/24"
            ],
            "create_date": "2020-05-28-17-53-13",
            "id": "1590688393",
            "ipv6_cidr_blocks": [
              "2406:da00:a000::/40",
              "2406:da00:e000::/40",
              "2406:da1a::/36",
              "2406:da1e::/32",
              "2406:da70:a000::/40",
              "2406:da70:e000::/40",
              "2406:daff:a000::/40",
              "2406:daff:e000::/40"
            ],
            "regions": [
              "ap-east-1",
              "ap-south-1"
            ],
            "services": [
              "ec2"
            ],
            "sync_token": 1590688393,
            "url": "https://ip-ranges.amazonaws.com/ip-ranges.json"
          }
        }
      ]
    },
    {
      "mode": "managed",
      "type": "aws_security_group",
      "name": "from_asia",
      "provider": "provider.aws",
      "instances": [
        {
          "schema_version": 1,
          "attributes": {
            "arn": "arn:aws:ec2:ap-south-1:960920920983:security-group/sg-0d1084d52cfc43f2b",
            "description": "Managed by Terraform",
            "egress": [],
            "id": "sg-0d1084d52cfc43f2b",
            "ingress": [
              {
                "cidr_blocks": [
                  "13.126.0.0/15",
                  "13.232.0.0/14",
                  "15.177.73.0/24",
                  "15.177.85.0/24",
                  "15.177.86.0/24",
                  "15.193.0.0/24",
                  "15.206.0.0/15",
                  "18.162.0.0/16",
                  "18.163.0.0/16",
                  "18.166.0.0/15",
                  "3.5.208.0/22",
                  "3.5.212.0/23",
                  "3.6.0.0/15",
                  "35.154.0.0/16",
                  "52.66.0.0/16",
                  "52.94.248.144/28",
                  "52.94.249.144/28",
                  "52.95.226.0/24",
                  "52.95.249.0/24",
                  "54.240.17.0/24",
                  "64.252.100.0/24",
                  "64.252.101.0/24",
                  "64.252.98.0/24",
                  "64.252.99.0/24",
                  "65.0.0.0/14",
                  "99.77.142.0/24",
                  "99.77.145.0/24"
                ],
                "description": "",
                "from_port": 443,
                "ipv6_cidr_blocks": [],
                "prefix_list_ids": [],
                "protocol": "tcp",
                "security_groups": [],
                "self": false,
                "to_port": 443
              }
            ],
            "name": "from_asia",
            "name_prefix": null,
            "owner_id": "960920920983",
            "revoke_rules_on_delete": false,
            "tags": {
              "CreateDate": "2020-05-28-17-53-13",
              "SyncToken": "1590688393"
            },
            "timeouts": null,
            "vpc_id": "vpc-c75bfdaf"
          },
          "private": "eyJlMmJmYjczMC1lY2FhLTExZTYtOGY4OC0zNDM2M2JjN2M0YzAiOnsiY3JlYXRlIjo2MDAwMDAwMDAwMDAsImRlbGV0ZSI6NjAwMDAwMDAwMDAwfSwic2NoZW1hX3ZlcnNpb24iOiIxIn0="
        }
      ]
    }
  ]
}
