{
  "version": 4,
  "terraform_version": "0.12.26",
  "serial": 24,
  "lineage": "74dd359b-9502-7584-b751-45e5f1e81e41",
  "outputs": {
    "app-ip": {
      "value": [
        []
      ],
      "type": [
        "tuple",
        [
          [
            "tuple",
            []
          ]
        ]
      ]
    },
    "jenkins-ip": {
      "value": [
        [
          "13.233.167.78"
        ]
      ],
      "type": [
        "tuple",
        [
          [
            "tuple",
            [
              "string"
            ]
          ]
        ]
      ]
    },
    "s3-bucket": {
      "value": "terraform-state-gjnjd346",
      "type": "string"
    }
  },
  "resources": [
    {
      "mode": "data",
      "type": "aws_ami",
      "name": "ubuntu",
      "provider": "provider.aws",
      "instances": [
        {
          "schema_version": 0,
          "attributes": {
            "architecture": "x86_64",
            "block_device_mappings": [
              {
                "device_name": "/dev/sda1",
                "ebs": {
                  "delete_on_termination": "true",
                  "encrypted": "false",
                  "iops": "0",
                  "snapshot_id": "snap-0810e7ea9a9aa9804",
                  "volume_size": "8",
                  "volume_type": "gp2"
                },
                "no_device": "",
                "virtual_name": ""
              },
              {
                "device_name": "/dev/sdb",
                "ebs": {},
                "no_device": "",
                "virtual_name": "ephemeral0"
              },
              {
                "device_name": "/dev/sdc",
                "ebs": {},
                "no_device": "",
                "virtual_name": "ephemeral1"
              }
            ],
            "creation_date": "2020-05-07T13:46:29.000Z",
            "description": "Canonical, Ubuntu, 18.04 LTS, amd64 bionic image build on 2020-04-30",
            "executable_users": null,
            "filter": [
              {
                "name": "name",
                "values": [
                  "ubuntu/images/hvm-ssd/ubuntu-bionic-18.04-amd64-server-*"
                ]
              },
              {
                "name": "virtualization-type",
                "values": [
                  "hvm"
                ]
              }
            ],
            "hypervisor": "xen",
            "id": "ami-07ae4f0fa498eede9",
            "image_id": "ami-07ae4f0fa498eede9",
            "image_location": "099720109477/ubuntu/images/hvm-ssd/ubuntu-bionic-18.04-amd64-server-20200430",
            "image_owner_alias": null,
            "image_type": "machine",
            "kernel_id": null,
            "most_recent": true,
            "name": "ubuntu/images/hvm-ssd/ubuntu-bionic-18.04-amd64-server-20200430",
            "name_regex": null,
            "owner_id": "099720109477",
            "owners": [
              "099720109477"
            ],
            "platform": null,
            "product_codes": [],
            "public": true,
            "ramdisk_id": null,
            "root_device_name": "/dev/sda1",
            "root_device_type": "ebs",
            "root_snapshot_id": "snap-0810e7ea9a9aa9804",
            "sriov_net_support": "simple",
            "state": "available",
            "state_reason": {
              "code": "UNSET",
              "message": "UNSET"
            },
            "tags": {},
            "virtualization_type": "hvm"
          }
        }
      ]
    },
    {
      "mode": "data",
      "type": "template_cloudinit_config",
      "name": "cloudinit-jenkins",
      "provider": "provider.template",
      "instances": [
        {
          "schema_version": 0,
          "attributes": {
            "base64_encode": false,
            "gzip": false,
            "id": "789620608",
            "part": [
              {
                "content": "#!/bin/bash\n\n# volume setup\nvgchange -ay\n\nDEVICE_FS=`blkid -o value -s TYPE /dev/xvdh`\nif [ \"`echo -n $DEVICE_FS`\" == \"\" ] ; then \n  # wait for the device to be attached\n  DEVICENAME=`echo \"/dev/xvdh\" | awk -F '/' '{print $3}'`\n  DEVICEEXISTS=''\n  while [[ -z $DEVICEEXISTS ]]; do\n    echo \"checking $DEVICENAME\"\n    DEVICEEXISTS=`lsblk |grep \"$DEVICENAME\" |wc -l`\n    if [[ $DEVICEEXISTS != \"1\" ]]; then\n      sleep 15\n    fi\n  done\n  pvcreate /dev/xvdh\n  vgcreate data /dev/xvdh\n  lvcreate --name volume1 -l 100%FREE data\n  mkfs.ext4 /dev/data/volume1\nfi\nmkdir -p /var/lib/jenkins\necho '/dev/data/volume1 /var/lib/jenkins ext4 defaults 0 0' \u003e\u003e /etc/fstab\nmount /var/lib/jenkins\n\n# jenkins repository\nwget -q -O - https://pkg.jenkins.io/debian-stable/jenkins.io.key | sudo apt-key add -\necho \"deb http://pkg.jenkins.io/debian-stable binary/\" \u003e\u003e /etc/apt/sources.list\napt-get update\n\n# install dependencies\napt-get install -y python3 openjdk-11-jdk awscli\n# install jenkins\napt-get install -y jenkins=2.222.4 unzip\n\n# install terraform\nwget -q https://releases.hashicorp.com/terraform/0.12.26/terraform_0.12.26_linux_amd64.zip \\\n\u0026\u0026 unzip -o terraform_0.12.26_linux_amd64.zip -d /usr/local/bin \\\n\u0026\u0026 rm terraform_0.12.26_linux_amd64.zip\n\n# install packer\ncd /usr/local/bin\nwget -q https://releases.hashicorp.com/packer/0.10.2/packer_0.10.2_linux_amd64.zip\nunzip packer_0.10.2_linux_amd64.zip\n# clean up\napt-get clean\nrm terraform_0.12.26_linux_amd64.zip\nrm packer_0.10.2_linux_amd64.zip\n",
                "content_type": "text/x-shellscript",
                "filename": "",
                "merge_type": ""
              }
            ],
            "rendered": "Content-Type: multipart/mixed; boundary=\"MIMEBOUNDARY\"\nMIME-Version: 1.0\r\n\r\n--MIMEBOUNDARY\r\nContent-Transfer-Encoding: 7bit\r\nContent-Type: text/x-shellscript\r\nMime-Version: 1.0\r\n\r\n#!/bin/bash\n\n# volume setup\nvgchange -ay\n\nDEVICE_FS=`blkid -o value -s TYPE /dev/xvdh`\nif [ \"`echo -n $DEVICE_FS`\" == \"\" ] ; then \n  # wait for the device to be attached\n  DEVICENAME=`echo \"/dev/xvdh\" | awk -F '/' '{print $3}'`\n  DEVICEEXISTS=''\n  while [[ -z $DEVICEEXISTS ]]; do\n    echo \"checking $DEVICENAME\"\n    DEVICEEXISTS=`lsblk |grep \"$DEVICENAME\" |wc -l`\n    if [[ $DEVICEEXISTS != \"1\" ]]; then\n      sleep 15\n    fi\n  done\n  pvcreate /dev/xvdh\n  vgcreate data /dev/xvdh\n  lvcreate --name volume1 -l 100%FREE data\n  mkfs.ext4 /dev/data/volume1\nfi\nmkdir -p /var/lib/jenkins\necho '/dev/data/volume1 /var/lib/jenkins ext4 defaults 0 0' \u003e\u003e /etc/fstab\nmount /var/lib/jenkins\n\n# jenkins repository\nwget -q -O - https://pkg.jenkins.io/debian-stable/jenkins.io.key | sudo apt-key add -\necho \"deb http://pkg.jenkins.io/debian-stable binary/\" \u003e\u003e /etc/apt/sources.list\napt-get update\n\n# install dependencies\napt-get install -y python3 openjdk-11-jdk awscli\n# install jenkins\napt-get install -y jenkins=2.222.4 unzip\n\n# install terraform\nwget -q https://releases.hashicorp.com/terraform/0.12.26/terraform_0.12.26_linux_amd64.zip \\\n\u0026\u0026 unzip -o terraform_0.12.26_linux_amd64.zip -d /usr/local/bin \\\n\u0026\u0026 rm terraform_0.12.26_linux_amd64.zip\n\n# install packer\ncd /usr/local/bin\nwget -q https://releases.hashicorp.com/packer/0.10.2/packer_0.10.2_linux_amd64.zip\nunzip packer_0.10.2_linux_amd64.zip\n# clean up\napt-get clean\nrm terraform_0.12.26_linux_amd64.zip\nrm packer_0.10.2_linux_amd64.zip\n\r\n--MIMEBOUNDARY--\r\n"
          }
        }
      ]
    },
    {
      "mode": "data",
      "type": "template_file",
      "name": "jenkins-init",
      "provider": "provider.template",
      "instances": [
        {
          "schema_version": 0,
          "attributes": {
            "filename": null,
            "id": "3e64e3f4f9bc378647a0439e9d91ab4a9121f0c04d47451e17e9b85d32298cda",
            "rendered": "#!/bin/bash\n\n# volume setup\nvgchange -ay\n\nDEVICE_FS=`blkid -o value -s TYPE /dev/xvdh`\nif [ \"`echo -n $DEVICE_FS`\" == \"\" ] ; then \n  # wait for the device to be attached\n  DEVICENAME=`echo \"/dev/xvdh\" | awk -F '/' '{print $3}'`\n  DEVICEEXISTS=''\n  while [[ -z $DEVICEEXISTS ]]; do\n    echo \"checking $DEVICENAME\"\n    DEVICEEXISTS=`lsblk |grep \"$DEVICENAME\" |wc -l`\n    if [[ $DEVICEEXISTS != \"1\" ]]; then\n      sleep 15\n    fi\n  done\n  pvcreate /dev/xvdh\n  vgcreate data /dev/xvdh\n  lvcreate --name volume1 -l 100%FREE data\n  mkfs.ext4 /dev/data/volume1\nfi\nmkdir -p /var/lib/jenkins\necho '/dev/data/volume1 /var/lib/jenkins ext4 defaults 0 0' \u003e\u003e /etc/fstab\nmount /var/lib/jenkins\n\n# jenkins repository\nwget -q -O - https://pkg.jenkins.io/debian-stable/jenkins.io.key | sudo apt-key add -\necho \"deb http://pkg.jenkins.io/debian-stable binary/\" \u003e\u003e /etc/apt/sources.list\napt-get update\n\n# install dependencies\napt-get install -y python3 openjdk-11-jdk awscli\n# install jenkins\napt-get install -y jenkins=2.222.4 unzip\n\n# install terraform\nwget -q https://releases.hashicorp.com/terraform/0.12.26/terraform_0.12.26_linux_amd64.zip \\\n\u0026\u0026 unzip -o terraform_0.12.26_linux_amd64.zip -d /usr/local/bin \\\n\u0026\u0026 rm terraform_0.12.26_linux_amd64.zip\n\n# install packer\ncd /usr/local/bin\nwget -q https://releases.hashicorp.com/packer/0.10.2/packer_0.10.2_linux_amd64.zip\nunzip packer_0.10.2_linux_amd64.zip\n# clean up\napt-get clean\nrm terraform_0.12.26_linux_amd64.zip\nrm packer_0.10.2_linux_amd64.zip\n",
            "template": "#!/bin/bash\n\n# volume setup\nvgchange -ay\n\nDEVICE_FS=`blkid -o value -s TYPE ${DEVICE}`\nif [ \"`echo -n $DEVICE_FS`\" == \"\" ] ; then \n  # wait for the device to be attached\n  DEVICENAME=`echo \"${DEVICE}\" | awk -F '/' '{print $3}'`\n  DEVICEEXISTS=''\n  while [[ -z $DEVICEEXISTS ]]; do\n    echo \"checking $DEVICENAME\"\n    DEVICEEXISTS=`lsblk |grep \"$DEVICENAME\" |wc -l`\n    if [[ $DEVICEEXISTS != \"1\" ]]; then\n      sleep 15\n    fi\n  done\n  pvcreate ${DEVICE}\n  vgcreate data ${DEVICE}\n  lvcreate --name volume1 -l 100%FREE data\n  mkfs.ext4 /dev/data/volume1\nfi\nmkdir -p /var/lib/jenkins\necho '/dev/data/volume1 /var/lib/jenkins ext4 defaults 0 0' \u003e\u003e /etc/fstab\nmount /var/lib/jenkins\n\n# jenkins repository\nwget -q -O - https://pkg.jenkins.io/debian-stable/jenkins.io.key | sudo apt-key add -\necho \"deb http://pkg.jenkins.io/debian-stable binary/\" \u003e\u003e /etc/apt/sources.list\napt-get update\n\n# install dependencies\napt-get install -y python3 openjdk-11-jdk awscli\n# install jenkins\napt-get install -y jenkins=${JENKINS_VERSION} unzip\n\n# install terraform\nwget -q https://releases.hashicorp.com/terraform/${TERRAFORM_VERSION}/terraform_${TERRAFORM_VERSION}_linux_amd64.zip \\\n\u0026\u0026 unzip -o terraform_${TERRAFORM_VERSION}_linux_amd64.zip -d /usr/local/bin \\\n\u0026\u0026 rm terraform_${TERRAFORM_VERSION}_linux_amd64.zip\n\n# install packer\ncd /usr/local/bin\nwget -q https://releases.hashicorp.com/packer/0.10.2/packer_0.10.2_linux_amd64.zip\nunzip packer_0.10.2_linux_amd64.zip\n# clean up\napt-get clean\nrm terraform_${TERRAFORM_VERSION}_linux_amd64.zip\nrm packer_0.10.2_linux_amd64.zip\n",
            "vars": {
              "DEVICE": "/dev/xvdh",
              "JENKINS_VERSION": "2.222.4",
              "TERRAFORM_VERSION": "0.12.26"
            }
          }
        }
      ]
    },
    {
      "mode": "managed",
      "type": "aws_ebs_volume",
      "name": "jenkins-data",
      "provider": "provider.aws",
      "instances": [
        {
          "schema_version": 0,
          "attributes": {
            "arn": "arn:aws:ec2:ap-south-1:960920920983:volume/vol-0fa269ed802d207f5",
            "availability_zone": "ap-south-1a",
            "encrypted": false,
            "id": "vol-0fa269ed802d207f5",
            "iops": 100,
            "kms_key_id": "",
            "multi_attach_enabled": false,
            "outpost_arn": "",
            "size": 20,
            "snapshot_id": "",
            "tags": {
              "Name": "jenkins-data"
            },
            "type": "gp2"
          },
          "private": "bnVsbA=="
        }
      ]
    },
    {
      "mode": "managed",
      "type": "aws_iam_instance_profile",
      "name": "jenkins-role",
      "provider": "provider.aws",
      "instances": [
        {
          "schema_version": 0,
          "attributes": {
            "arn": "arn:aws:iam::960920920983:instance-profile/jenkins-role",
            "create_date": "2020-06-06T20:01:44Z",
            "id": "jenkins-role",
            "name": "jenkins-role",
            "name_prefix": null,
            "path": "/",
            "role": "jenkins-role",
            "roles": [],
            "unique_id": "AIPA57O2ZUOLUBY4EHCR7"
          },
          "private": "bnVsbA==",
          "dependencies": [
            "aws_iam_role.jenkins-role"
          ]
        }
      ]
    },
    {
      "mode": "managed",
      "type": "aws_iam_role",
      "name": "jenkins-role",
      "provider": "provider.aws",
      "instances": [
        {
          "schema_version": 0,
          "attributes": {
            "arn": "arn:aws:iam::960920920983:role/jenkins-role",
            "assume_role_policy": "{\"Version\":\"2012-10-17\",\"Statement\":[{\"Sid\":\"\",\"Effect\":\"Allow\",\"Principal\":{\"Service\":\"ec2.amazonaws.com\"},\"Action\":\"sts:AssumeRole\"}]}",
            "create_date": "2020-06-06T20:01:42Z",
            "description": "",
            "force_detach_policies": false,
            "id": "jenkins-role",
            "max_session_duration": 3600,
            "name": "jenkins-role",
            "name_prefix": null,
            "path": "/",
            "permissions_boundary": null,
            "tags": null,
            "unique_id": "AROA57O2ZUOLXUT2O37XK"
          },
          "private": "bnVsbA=="
        }
      ]
    },
    {
      "mode": "managed",
      "type": "aws_iam_role_policy",
      "name": "admin-policy",
      "provider": "provider.aws",
      "instances": [
        {
          "schema_version": 0,
          "attributes": {
            "id": "jenkins-role:jenkins-admin-role-policy",
            "name": "jenkins-admin-role-policy",
            "name_prefix": null,
            "policy": "{\n  \"Version\": \"2012-10-17\",\n  \"Statement\": [\n    {\n      \"Action\": [\n        \"*\"\n      ],\n      \"Effect\": \"Allow\",\n      \"Resource\": \"*\"\n    }\n  ]\n}\n",
            "role": "jenkins-role"
          },
          "private": "bnVsbA==",
          "dependencies": [
            "aws_iam_role.jenkins-role"
          ]
        }
      ]
    },
    {
      "mode": "managed",
      "type": "aws_instance",
      "name": "app-instance",
      "each": "list",
      "provider": "provider.aws",
      "instances": []
    },
    {
      "mode": "managed",
      "type": "aws_instance",
      "name": "jenkins-instance",
      "provider": "provider.aws",
      "instances": [
        {
          "schema_version": 1,
          "attributes": {
            "ami": "ami-07ae4f0fa498eede9",
            "arn": "arn:aws:ec2:ap-south-1:960920920983:instance/i-04157dbbbdf82e1fb",
            "associate_public_ip_address": true,
            "availability_zone": "ap-south-1a",
            "cpu_core_count": 1,
            "cpu_threads_per_core": 1,
            "credit_specification": [
              {
                "cpu_credits": "standard"
              }
            ],
            "disable_api_termination": false,
            "ebs_block_device": [],
            "ebs_optimized": false,
            "ephemeral_block_device": [],
            "get_password_data": false,
            "hibernation": false,
            "host_id": null,
            "iam_instance_profile": "jenkins-role",
            "id": "i-04157dbbbdf82e1fb",
            "instance_initiated_shutdown_behavior": null,
            "instance_state": "running",
            "instance_type": "t2.micro",
            "ipv6_address_count": 0,
            "ipv6_addresses": [],
            "key_name": "mykeypair",
            "metadata_options": [
              {
                "http_endpoint": "enabled",
                "http_put_response_hop_limit": 1,
                "http_tokens": "optional"
              }
            ],
            "monitoring": false,
            "network_interface": [],
            "network_interface_id": null,
            "outpost_arn": "",
            "password_data": "",
            "placement_group": "",
            "primary_network_interface_id": "eni-0ac4ffbd4314e9b40",
            "private_dns": "ip-10-0-1-30.ap-south-1.compute.internal",
            "private_ip": "10.0.1.30",
            "public_dns": "ec2-13-233-167-78.ap-south-1.compute.amazonaws.com",
            "public_ip": "13.233.167.78",
            "root_block_device": [
              {
                "delete_on_termination": true,
                "device_name": "/dev/sda1",
                "encrypted": false,
                "iops": 100,
                "kms_key_id": "",
                "volume_id": "vol-09ed30f0d1060c257",
                "volume_size": 8,
                "volume_type": "gp2"
              }
            ],
            "security_groups": [],
            "source_dest_check": true,
            "subnet_id": "subnet-0bce5998e1ff6b268",
            "tags": null,
            "tenancy": "default",
            "timeouts": null,
            "user_data": "6c6a158373874904f038307a794af0d9aa9cf97b",
            "user_data_base64": null,
            "volume_tags": {},
            "vpc_security_group_ids": [
              "sg-0be3e13a3ac2e69e0"
            ]
          },
          "private": "eyJlMmJmYjczMC1lY2FhLTExZTYtOGY4OC0zNDM2M2JjN2M0YzAiOnsiY3JlYXRlIjo2MDAwMDAwMDAwMDAsImRlbGV0ZSI6MTIwMDAwMDAwMDAwMCwidXBkYXRlIjo2MDAwMDAwMDAwMDB9LCJzY2hlbWFfdmVyc2lvbiI6IjEifQ==",
          "dependencies": [
            "aws_iam_instance_profile.jenkins-role",
            "aws_iam_role.jenkins-role",
            "aws_key_pair.mykeypair",
            "aws_security_group.jenkins-securitygroup",
            "aws_subnet.main-public-1",
            "aws_vpc.main"
          ]
        }
      ]
    },
    {
      "mode": "managed",
      "type": "aws_internet_gateway",
      "name": "main-gw",
      "provider": "provider.aws",
      "instances": [
        {
          "schema_version": 0,
          "attributes": {
            "id": "igw-0d7140a14326faee8",
            "owner_id": "960920920983",
            "tags": {
              "Name": "main"
            },
            "vpc_id": "vpc-095e4e8cecd63a0dc"
          },
          "private": "bnVsbA==",
          "dependencies": [
            "aws_vpc.main"
          ]
        }
      ]
    },
    {
      "mode": "managed",
      "type": "aws_key_pair",
      "name": "mykeypair",
      "provider": "provider.aws",
      "instances": [
        {
          "schema_version": 1,
          "attributes": {
            "fingerprint": "2e:23:a2:7e:a3:fe:4a:33:23:f8:7e:67:ba:80:99:39",
            "id": "mykeypair",
            "key_name": "mykeypair",
            "key_name_prefix": null,
            "key_pair_id": "key-08f45c051905bf7d4",
            "public_key": "ssh-rsa AAAAB3NzaC1yc2EAAAADAQABAAABAQCxFEzR4hmEAu67CmyRuO4zdfqgTx0RksH0BruF3Q5kd6Ug5s19VwjxlYWbKawC5y8reUOeF+dXv66w16r6tmQtBbpGE0pQuwqD3awrgqapAP475bdxkTnnHLlqdvL/foRovxfj1rxEF6+247myhWjFsgo75LWfdS5Z4pI3gQX4hXqMiP9r5PgPUSOY3XMixnRbbPfmf1AZQelvciXRc3QNdVkjHqUVbauvbG2BNMFHMY7c05HI6NJSANFEcMcTYiBaxgHWkTZdE566vTL18aE1UBV6Zxfzc05B9Z98NSle7g2WyCRLQwtDEdYUWc+DXhCXaENwCEg07N2qPuRYA9B/ sagarnil@bluedream",
            "tags": null
          },
          "private": "eyJzY2hlbWFfdmVyc2lvbiI6IjEifQ=="
        }
      ]
    },
    {
      "mode": "managed",
      "type": "aws_route_table",
      "name": "main-public",
      "provider": "provider.aws",
      "instances": [
        {
          "schema_version": 0,
          "attributes": {
            "id": "rtb-0fd17b07f4d5d5196",
            "owner_id": "960920920983",
            "propagating_vgws": [],
            "route": [
              {
                "cidr_block": "0.0.0.0/0",
                "egress_only_gateway_id": "",
                "gateway_id": "igw-0d7140a14326faee8",
                "instance_id": "",
                "ipv6_cidr_block": "",
                "nat_gateway_id": "",
                "network_interface_id": "",
                "transit_gateway_id": "",
                "vpc_peering_connection_id": ""
              }
            ],
            "tags": {
              "Name": "main-public-1"
            },
            "vpc_id": "vpc-095e4e8cecd63a0dc"
          },
          "private": "bnVsbA==",
          "dependencies": [
            "aws_internet_gateway.main-gw",
            "aws_vpc.main"
          ]
        }
      ]
    },
    {
      "mode": "managed",
      "type": "aws_route_table_association",
      "name": "main-public-1-a",
      "provider": "provider.aws",
      "instances": [
        {
          "schema_version": 0,
          "attributes": {
            "gateway_id": null,
            "id": "rtbassoc-0eebcea434da475bc",
            "route_table_id": "rtb-0fd17b07f4d5d5196",
            "subnet_id": "subnet-0bce5998e1ff6b268"
          },
          "private": "bnVsbA==",
          "dependencies": [
            "aws_internet_gateway.main-gw",
            "aws_route_table.main-public",
            "aws_subnet.main-public-1",
            "aws_vpc.main"
          ]
        }
      ]
    },
    {
      "mode": "managed",
      "type": "aws_route_table_association",
      "name": "main-public-2-a",
      "provider": "provider.aws",
      "instances": [
        {
          "schema_version": 0,
          "attributes": {
            "gateway_id": null,
            "id": "rtbassoc-0032ba74caaa3aed1",
            "route_table_id": "rtb-0fd17b07f4d5d5196",
            "subnet_id": "subnet-08d488da182ceb948"
          },
          "private": "bnVsbA==",
          "dependencies": [
            "aws_internet_gateway.main-gw",
            "aws_route_table.main-public",
            "aws_subnet.main-public-2",
            "aws_vpc.main"
          ]
        }
      ]
    },
    {
      "mode": "managed",
      "type": "aws_s3_bucket",
      "name": "terraform-state",
      "provider": "provider.aws",
      "instances": [
        {
          "schema_version": 0,
          "attributes": {
            "acceleration_status": "",
            "acl": "private",
            "arn": "arn:aws:s3:::terraform-state-gjnjd346",
            "bucket": "terraform-state-gjnjd346",
            "bucket_domain_name": "terraform-state-gjnjd346.s3.amazonaws.com",
            "bucket_prefix": null,
            "bucket_regional_domain_name": "terraform-state-gjnjd346.s3.ap-south-1.amazonaws.com",
            "cors_rule": [],
            "force_destroy": false,
            "grant": [],
            "hosted_zone_id": "Z11RGJOFQNVJUP",
            "id": "terraform-state-gjnjd346",
            "lifecycle_rule": [],
            "logging": [],
            "object_lock_configuration": [],
            "policy": null,
            "region": "ap-south-1",
            "replication_configuration": [],
            "request_payer": "BucketOwner",
            "server_side_encryption_configuration": [],
            "tags": {
              "Name": "Terraform state"
            },
            "versioning": [
              {
                "enabled": false,
                "mfa_delete": false
              }
            ],
            "website": [],
            "website_domain": null,
            "website_endpoint": null
          },
          "private": "bnVsbA==",
          "dependencies": [
            "random_string.random"
          ]
        }
      ]
    },
    {
      "mode": "managed",
      "type": "aws_security_group",
      "name": "app-securitygroup",
      "provider": "provider.aws",
      "instances": [
        {
          "schema_version": 1,
          "attributes": {
            "arn": "arn:aws:ec2:ap-south-1:960920920983:security-group/sg-044515c221b77186d",
            "description": "security group that allows ssh and all egress traffic",
            "egress": [
              {
                "cidr_blocks": [
                  "0.0.0.0/0"
                ],
                "description": "",
                "from_port": 0,
                "ipv6_cidr_blocks": [],
                "prefix_list_ids": [],
                "protocol": "-1",
                "security_groups": [],
                "self": false,
                "to_port": 0
              }
            ],
            "id": "sg-044515c221b77186d",
            "ingress": [
              {
                "cidr_blocks": [
                  "0.0.0.0/0"
                ],
                "description": "",
                "from_port": 22,
                "ipv6_cidr_blocks": [],
                "prefix_list_ids": [],
                "protocol": "tcp",
                "security_groups": [],
                "self": false,
                "to_port": 22
              },
              {
                "cidr_blocks": [
                  "0.0.0.0/0"
                ],
                "description": "",
                "from_port": 80,
                "ipv6_cidr_blocks": [],
                "prefix_list_ids": [],
                "protocol": "tcp",
                "security_groups": [],
                "self": false,
                "to_port": 80
              }
            ],
            "name": "app-securitygroup",
            "name_prefix": null,
            "owner_id": "960920920983",
            "revoke_rules_on_delete": false,
            "tags": {
              "Name": "app-securitygroup"
            },
            "timeouts": null,
            "vpc_id": "vpc-095e4e8cecd63a0dc"
          },
          "private": "eyJlMmJmYjczMC1lY2FhLTExZTYtOGY4OC0zNDM2M2JjN2M0YzAiOnsiY3JlYXRlIjo2MDAwMDAwMDAwMDAsImRlbGV0ZSI6NjAwMDAwMDAwMDAwfSwic2NoZW1hX3ZlcnNpb24iOiIxIn0=",
          "dependencies": [
            "aws_vpc.main"
          ]
        }
      ]
    },
    {
      "mode": "managed",
      "type": "aws_security_group",
      "name": "jenkins-securitygroup",
      "provider": "provider.aws",
      "instances": [
        {
          "schema_version": 1,
          "attributes": {
            "arn": "arn:aws:ec2:ap-south-1:960920920983:security-group/sg-0be3e13a3ac2e69e0",
            "description": "security group that allows ssh and all egress traffic",
            "egress": [
              {
                "cidr_blocks": [
                  "0.0.0.0/0"
                ],
                "description": "",
                "from_port": 0,
                "ipv6_cidr_blocks": [],
                "prefix_list_ids": [],
                "protocol": "-1",
                "security_groups": [],
                "self": false,
                "to_port": 0
              }
            ],
            "id": "sg-0be3e13a3ac2e69e0",
            "ingress": [
              {
                "cidr_blocks": [
                  "0.0.0.0/0"
                ],
                "description": "",
                "from_port": 22,
                "ipv6_cidr_blocks": [],
                "prefix_list_ids": [],
                "protocol": "tcp",
                "security_groups": [],
                "self": false,
                "to_port": 22
              },
              {
                "cidr_blocks": [
                  "0.0.0.0/0"
                ],
                "description": "",
                "from_port": 8080,
                "ipv6_cidr_blocks": [],
                "prefix_list_ids": [],
                "protocol": "tcp",
                "security_groups": [],
                "self": false,
                "to_port": 8080
              }
            ],
            "name": "jenkins-securitygroup",
            "name_prefix": null,
            "owner_id": "960920920983",
            "revoke_rules_on_delete": false,
            "tags": {
              "Name": "jenkins-securitygroup"
            },
            "timeouts": null,
            "vpc_id": "vpc-095e4e8cecd63a0dc"
          },
          "private": "eyJlMmJmYjczMC1lY2FhLTExZTYtOGY4OC0zNDM2M2JjN2M0YzAiOnsiY3JlYXRlIjo2MDAwMDAwMDAwMDAsImRlbGV0ZSI6NjAwMDAwMDAwMDAwfSwic2NoZW1hX3ZlcnNpb24iOiIxIn0=",
          "dependencies": [
            "aws_vpc.main"
          ]
        }
      ]
    },
    {
      "mode": "managed",
      "type": "aws_subnet",
      "name": "main-private-1",
      "provider": "provider.aws",
      "instances": [
        {
          "schema_version": 1,
          "attributes": {
            "arn": "arn:aws:ec2:ap-south-1:960920920983:subnet/subnet-0b090fcee1572d48a",
            "assign_ipv6_address_on_creation": false,
            "availability_zone": "ap-south-1a",
            "availability_zone_id": "aps1-az1",
            "cidr_block": "10.0.4.0/24",
            "id": "subnet-0b090fcee1572d48a",
            "ipv6_cidr_block": "",
            "ipv6_cidr_block_association_id": "",
            "map_public_ip_on_launch": false,
            "outpost_arn": "",
            "owner_id": "960920920983",
            "tags": {
              "Name": "main-private-1"
            },
            "timeouts": null,
            "vpc_id": "vpc-095e4e8cecd63a0dc"
          },
          "private": "eyJlMmJmYjczMC1lY2FhLTExZTYtOGY4OC0zNDM2M2JjN2M0YzAiOnsiY3JlYXRlIjo2MDAwMDAwMDAwMDAsImRlbGV0ZSI6MTIwMDAwMDAwMDAwMH0sInNjaGVtYV92ZXJzaW9uIjoiMSJ9",
          "dependencies": [
            "aws_vpc.main"
          ]
        }
      ]
    },
    {
      "mode": "managed",
      "type": "aws_subnet",
      "name": "main-private-2",
      "provider": "provider.aws",
      "instances": [
        {
          "schema_version": 1,
          "attributes": {
            "arn": "arn:aws:ec2:ap-south-1:960920920983:subnet/subnet-04da3cbfa43c812f1",
            "assign_ipv6_address_on_creation": false,
            "availability_zone": "ap-south-1b",
            "availability_zone_id": "aps1-az3",
            "cidr_block": "10.0.5.0/24",
            "id": "subnet-04da3cbfa43c812f1",
            "ipv6_cidr_block": "",
            "ipv6_cidr_block_association_id": "",
            "map_public_ip_on_launch": false,
            "outpost_arn": "",
            "owner_id": "960920920983",
            "tags": {
              "Name": "main-private-2"
            },
            "timeouts": null,
            "vpc_id": "vpc-095e4e8cecd63a0dc"
          },
          "private": "eyJlMmJmYjczMC1lY2FhLTExZTYtOGY4OC0zNDM2M2JjN2M0YzAiOnsiY3JlYXRlIjo2MDAwMDAwMDAwMDAsImRlbGV0ZSI6MTIwMDAwMDAwMDAwMH0sInNjaGVtYV92ZXJzaW9uIjoiMSJ9",
          "dependencies": [
            "aws_vpc.main"
          ]
        }
      ]
    },
    {
      "mode": "managed",
      "type": "aws_subnet",
      "name": "main-public-1",
      "provider": "provider.aws",
      "instances": [
        {
          "schema_version": 1,
          "attributes": {
            "arn": "arn:aws:ec2:ap-south-1:960920920983:subnet/subnet-0bce5998e1ff6b268",
            "assign_ipv6_address_on_creation": false,
            "availability_zone": "ap-south-1a",
            "availability_zone_id": "aps1-az1",
            "cidr_block": "10.0.1.0/24",
            "id": "subnet-0bce5998e1ff6b268",
            "ipv6_cidr_block": "",
            "ipv6_cidr_block_association_id": "",
            "map_public_ip_on_launch": true,
            "outpost_arn": "",
            "owner_id": "960920920983",
            "tags": {
              "Name": "main-public-1"
            },
            "timeouts": null,
            "vpc_id": "vpc-095e4e8cecd63a0dc"
          },
          "private": "eyJlMmJmYjczMC1lY2FhLTExZTYtOGY4OC0zNDM2M2JjN2M0YzAiOnsiY3JlYXRlIjo2MDAwMDAwMDAwMDAsImRlbGV0ZSI6MTIwMDAwMDAwMDAwMH0sInNjaGVtYV92ZXJzaW9uIjoiMSJ9",
          "dependencies": [
            "aws_vpc.main"
          ]
        }
      ]
    },
    {
      "mode": "managed",
      "type": "aws_subnet",
      "name": "main-public-2",
      "provider": "provider.aws",
      "instances": [
        {
          "schema_version": 1,
          "attributes": {
            "arn": "arn:aws:ec2:ap-south-1:960920920983:subnet/subnet-08d488da182ceb948",
            "assign_ipv6_address_on_creation": false,
            "availability_zone": "ap-south-1b",
            "availability_zone_id": "aps1-az3",
            "cidr_block": "10.0.2.0/24",
            "id": "subnet-08d488da182ceb948",
            "ipv6_cidr_block": "",
            "ipv6_cidr_block_association_id": "",
            "map_public_ip_on_launch": true,
            "outpost_arn": "",
            "owner_id": "960920920983",
            "tags": {
              "Name": "main-public-2"
            },
            "timeouts": null,
            "vpc_id": "vpc-095e4e8cecd63a0dc"
          },
          "private": "eyJlMmJmYjczMC1lY2FhLTExZTYtOGY4OC0zNDM2M2JjN2M0YzAiOnsiY3JlYXRlIjo2MDAwMDAwMDAwMDAsImRlbGV0ZSI6MTIwMDAwMDAwMDAwMH0sInNjaGVtYV92ZXJzaW9uIjoiMSJ9",
          "dependencies": [
            "aws_vpc.main"
          ]
        }
      ]
    },
    {
      "mode": "managed",
      "type": "aws_volume_attachment",
      "name": "jenkins-data-attachment",
      "provider": "provider.aws",
      "instances": [
        {
          "schema_version": 0,
          "attributes": {
            "device_name": "/dev/xvdh",
            "force_detach": null,
            "id": "vai-2233597359",
            "instance_id": "i-04157dbbbdf82e1fb",
            "skip_destroy": true,
            "volume_id": "vol-0fa269ed802d207f5"
          },
          "private": "bnVsbA==",
          "dependencies": [
            "aws_ebs_volume.jenkins-data",
            "aws_iam_instance_profile.jenkins-role",
            "aws_iam_role.jenkins-role",
            "aws_instance.jenkins-instance",
            "aws_key_pair.mykeypair",
            "aws_security_group.jenkins-securitygroup",
            "aws_subnet.main-public-1",
            "aws_vpc.main"
          ]
        }
      ]
    },
    {
      "mode": "managed",
      "type": "aws_vpc",
      "name": "main",
      "provider": "provider.aws",
      "instances": [
        {
          "schema_version": 1,
          "attributes": {
            "arn": "arn:aws:ec2:ap-south-1:960920920983:vpc/vpc-095e4e8cecd63a0dc",
            "assign_generated_ipv6_cidr_block": false,
            "cidr_block": "10.0.0.0/16",
            "default_network_acl_id": "acl-0ce897c04a5008b3c",
            "default_route_table_id": "rtb-04e4ccfcde2eaa843",
            "default_security_group_id": "sg-041d9be48f0390e77",
            "dhcp_options_id": "dopt-f20e8b9a",
            "enable_classiclink": false,
            "enable_classiclink_dns_support": null,
            "enable_dns_hostnames": true,
            "enable_dns_support": true,
            "id": "vpc-095e4e8cecd63a0dc",
            "instance_tenancy": "default",
            "ipv6_association_id": "",
            "ipv6_cidr_block": "",
            "main_route_table_id": "rtb-04e4ccfcde2eaa843",
            "owner_id": "960920920983",
            "tags": {
              "Name": "main"
            }
          },
          "private": "eyJzY2hlbWFfdmVyc2lvbiI6IjEifQ=="
        }
      ]
    },
    {
      "mode": "managed",
      "type": "random_string",
      "name": "random",
      "provider": "provider.random",
      "instances": [
        {
          "schema_version": 1,
          "attributes": {
            "id": "gjnjd346",
            "keepers": null,
            "length": 8,
            "lower": true,
            "min_lower": 0,
            "min_numeric": 0,
            "min_special": 0,
            "min_upper": 0,
            "number": true,
            "override_special": null,
            "result": "gjnjd346",
            "special": false,
            "upper": false
          },
          "private": "eyJzY2hlbWFfdmVyc2lvbiI6IjEifQ=="
        }
      ]
    }
  ]
}
